
Microsoft Visual Studio Solution File, Format Version 12.00
# Visual Studio Version 16
VisualStudioVersion = 16.0.32106.194
MinimumVisualStudioVersion = 10.0.40219.1
Project("{FAE04EC0-301F-11D3-BF4B-00C04F79EFBC}") = "WebAPP26JAN2022Demo", "WebAPP26JAN2022Demo\WebAPP26JAN2022Demo.csproj", "{DDA7E792-A125-49D5-A74D-90D80F2300CE}"
EndProject
Global
	GlobalSection(SolutionConfigurationPlatforms) = preSolution
		Debug|Any CPU = Debug|Any CPU
		Release|Any CPU = Release|Any CPU
	EndGlobalSection
	GlobalSection(ProjectConfigurationPlatforms) = postSolution
		{DDA7E792-A125-49D5-A74D-90D80F2300CE}.Debug|Any CPU.ActiveCfg = Debug|Any CPU
		{DDA7E792-A125-49D5-A74D-90D80F2300CE}.Debug|Any CPU.Build.0 = Debug|Any CPU
		{DDA7E792-A125-49D5-A74D-90D80F2300CE}.Release|Any CPU.ActiveCfg = Release|Any CPU
		{DDA7E792-A125-49D5-A74D-90D80F2300CE}.Release|Any CPU.Build.0 = Release|Any CPU
	EndGlobalSection
	GlobalSection(SolutionProperties) = preSolution
		HideSolutionNode = FALSE
	EndGlobalSection
	GlobalSection(ExtensibilityGlobals) = postSolution
		SolutionGuid = {2DEA546F-9C4E-47C9-AEAC-CD1D16108603}
	EndGlobalSection
EndGlobal
